# This file is automatically @generated by Cargo.
# It is not intended for manual editing.
version = 4

[[package]]
name = "kvm-clipboard"
version = "0.1.0"

[[package]]
name = "kvm-core"
version = "0.1.0"

[[package]]
name = "kvm-discovery"
version = "0.1.0"

[[package]]
name = "kvm-identity"
version = "0.1.0"

[[package]]
name = "kvm-input"
version = "0.1.0"

[[package]]
name = "kvm-net"
version = "0.1.0"

[[package]]
name = "kvm-protocol"
version = "0.1.0"

[[package]]
name = "kvm-transfer"
version = "0.1.0"
